{
  "name": "Twig-Weft-Project",
  "lockfileVersion": 3,
  "requires": true,
  "packages": {
    "": {
      "dependencies": {
        "@progress/kendo-angular-dialog": "^15.1.0"
      }
    },
    "node_modules/@progress/kendo-angular-dialog": {
      "version": "15.1.0",
      "resolved": "https://registry.npmjs.org/@progress/kendo-angular-dialog/-/kendo-angular-dialog-15.1.0.tgz",
      "integrity": "sha512-InJ17N/b9kXDAf4Sftpgj3ltk09aRCbKCJi+daGH5LvzEbNtKH0v7j15O5ZD5NrlOVCJnTr+K6cr1tVKTsedjw==",
      "dependencies": {
        "@progress/kendo-angular-schematics": "15.1.0",
        "@progress/kendo-popup-common": "^1.7.0",
        "tslib": "^2.3.1"
      },
      "peerDependencies": {
        "@angular/animations": "13 - 17",
        "@angular/common": "13 - 17",
        "@angular/core": "13 - 17",
        "@angular/platform-browser": "13 - 17",
        "@progress/kendo-angular-buttons": "15.1.0",
        "@progress/kendo-angular-common": "15.1.0",
        "@progress/kendo-angular-icons": "15.1.0",
        "@progress/kendo-angular-l10n": "15.1.0",
        "@progress/kendo-licensing": "^1.0.2",
        "rxjs": "^6.5.3 || ^7.0.0"
      }
    },
    "node_modules/@progress/kendo-angular-schematics": {
      "version": "15.1.0",
      "resolved": "https://registry.npmjs.org/@progress/kendo-angular-schematics/-/kendo-angular-schematics-15.1.0.tgz",
      "integrity": "sha512-XMiVVv7/dE9oo4aD0BSxCw4f/7/rup+CNh8TQzrjPH0UkgIFv/vzc84LBG8PyuqTwasHn5tLEsFiIoGDmoo+VQ==",
      "dependencies": {
        "@progress/kendo-angular-schematics": "15.1.0",
        "@types/semver": "^7.5.0",
        "semver": "^7.5.3"
      },
      "peerDependencies": {
        "@angular-devkit/core": "13 - 17",
        "@angular-devkit/schematics": "13 - 17",
        "@angular/core": "13 - 17",
        "@schematics/angular": "13 - 17",
        "rxjs": "^6.5.3 || ^7.0.0"
      }
    },
    "node_modules/@progress/kendo-popup-common": {
      "version": "1.9.2",
      "resolved": "https://registry.npmjs.org/@progress/kendo-popup-common/-/kendo-popup-common-1.9.2.tgz",
      "integrity": "sha512-Gs50UafJcERiGuSP/47Yg7ftPX3HQXiK5M9zHB8sHSoc1/AEYd0/Sj5wh8UrVVBAM9b0pUTwmEuzQ/D5yDDd2Q=="
    },
    "node_modules/@types/semver": {
      "version": "7.5.8",
      "resolved": "https://registry.npmjs.org/@types/semver/-/semver-7.5.8.tgz",
      "integrity": "sha512-I8EUhyrgfLrcTkzV3TSsGyl1tSuPrEDzr0yd5m90UgNxQkyDXULk3b6MlQqTCpZpNtWe1K0hzclnZkTcLBe2UQ=="
    },
    "node_modules/lru-cache": {
      "version": "6.0.0",
      "resolved": "https://registry.npmjs.org/lru-cache/-/lru-cache-6.0.0.tgz",
      "integrity": "sha512-Jo6dJ04CmSjuznwJSS3pUeWmd/H0ffTlkXXgwZi+eq1UCmqQwCh+eLsYOYCwY991i2Fah4h1BEMCx4qThGbsiA==",
      "dependencies": {
        "yallist": "^4.0.0"
      },
      "engines": {
        "node": ">=10"
      }
    },
    "node_modules/semver": {
      "version": "7.6.0",
      "resolved": "https://registry.npmjs.org/semver/-/semver-7.6.0.tgz",
      "integrity": "sha512-EnwXhrlwXMk9gKu5/flx5sv/an57AkRplG3hTK68W7FRDN+k+OWBj65M7719OkA82XLBxrcX0KSHj+X5COhOVg==",
      "dependencies": {
        "lru-cache": "^6.0.0"
      },
      "bin": {
        "semver": "bin/semver.js"
      },
      "engines": {
        "node": ">=10"
      }
    },
    "node_modules/tslib": {
      "version": "2.6.2",
      "resolved": "https://registry.npmjs.org/tslib/-/tslib-2.6.2.tgz",
      "integrity": "sha512-AEYxH93jGFPn/a2iVAwW87VuUIkR1FVUKB77NwMF7nBTDkDrrT/Hpt/IrCJ0QXhW27jTBDcf5ZY7w6RiqTMw2Q=="
    },
    "node_modules/yallist": {
      "version": "4.0.0",
      "resolved": "https://registry.npmjs.org/yallist/-/yallist-4.0.0.tgz",
      "integrity": "sha512-3wdGidZyq5PB084XLES5TpOSRA3wjXAlIWMhum2kRcv/41Sn2emQ0dycQW4uZXLejwKvg6EsvbdlVL+FYEct7A=="
    }
  }
}
